# THIS IS AN AUTOGENERATED FILE. DO NOT EDIT THIS FILE DIRECTLY.
# yarn lockfile v1


ansi-styles@^3.2.1:
  version "3.2.1"
  resolved "https://registry.yarnpkg.com/ansi-styles/-/ansi-styles-3.2.1.tgz#41fbb20243e50b12be0f04b8dedbf07520ce841d"
  integrity sha512-VT0ZI6kZRdTh8YyJw3SMbYm/u+NqfsAxEpWO0Pf9sq8/e94WxxOpPKx9FR1FlyCtOVDNOQ+8ntlqFxiRc+r5qA==
  dependencies:
    color-convert "^1.9.0"

bluebird@^3.5.3:
  version "3.5.3"
  resolved "https://registry.yarnpkg.com/bluebird/-/bluebird-3.5.3.tgz#7d01c6f9616c9a51ab0f8c549a79dfe6ec33efa7"
  integrity sha512-/qKPUQlaW1OyR51WeCPBvRnAlnZFUJkCSG5HzGnuIqhgyJtF+T94lFnn33eiazjRm2LAHVy2guNnaq48X9SJuw==

chalk@^2.4.1:
  version "2.4.1"
  resolved "https://registry.yarnpkg.com/chalk/-/chalk-2.4.1.tgz#18c49ab16a037b6eb0152cc83e3471338215b66e"
  integrity sha512-ObN6h1v2fTJSmUXoS3nMQ92LbDK9be4TV+6G+omQlGJFdcUX5heKi1LZ1YnRMIgwTLEj3E24bT6tYni50rlCfQ==
  dependencies:
    ansi-styles "^3.2.1"
    escape-string-regexp "^1.0.5"
    supports-color "^5.3.0"

child_process@^1.0.2:
  version "1.0.2"
  resolved "https://registry.yarnpkg.com/child_process/-/child_process-1.0.2.tgz#b1f7e7fc73d25e7fd1d455adc94e143830182b5a"
  integrity sha1-sffn/HPSXn/R1FWtyU4UODAYK1o=

cluster-key-slot@^1.0.6:
  version "1.0.12"
  resolved "https://registry.yarnpkg.com/cluster-key-slot/-/cluster-key-slot-1.0.12.tgz#d5deff2a520717bc98313979b687309b2d368e29"
  integrity sha512-21O0kGmvED5OJ7ZTdqQ5lQQ+sjuez33R+d35jZKLwqUb5mqcPHUsxOSzj61+LHVtxGZd1kShbQM3MjB/gBJkVg==

color-convert@^1.9.0:
  version "1.9.3"
  resolved "https://registry.yarnpkg.com/color-convert/-/color-convert-1.9.3.tgz#bb71850690e1f136567de629d2d5471deda4c1e8"
  integrity sha512-QfAUtd+vFdAtFQcC8CCyYt1fYWxSqAiK2cSD6zDB8N3cpsEBAvRxp9zOGg6G/SHHJYAT88/az/IuDGALsNVbGg==
  dependencies:
    color-name "1.1.3"

color-name@1.1.3:
  version "1.1.3"
  resolved "https://registry.yarnpkg.com/color-name/-/color-name-1.1.3.tgz#a7d0558bd89c42f795dd42328f740831ca53bc25"
  integrity sha1-p9BVi9icQveV3UIyj3QIMcpTvCU=

colors@^1.3.3:
  version "1.3.3"
  resolved "https://registry.yarnpkg.com/colors/-/colors-1.3.3.tgz#39e005d546afe01e01f9c4ca8fa50f686a01205d"
  integrity sha512-mmGt/1pZqYRjMxB1axhTo16/snVZ5krrKkcmMeVKxzECMMXoCgnvTPp10QgHfcbQZw8Dq2jMNG6je4JlWU0gWg==

commander@^2.19.0:
  version "2.19.0"
  resolved "https://registry.yarnpkg.com/commander/-/commander-2.19.0.tgz#f6198aa84e5b83c46054b94ddedbfed5ee9ff12a"
  integrity sha512-6tvAOO+D6OENvRAh524Dh9jcfKTYDQAqvqezbCW82xj5X0pSrcpxtvRKHLG0yBY6SD7PSDrJaj+0AiOcKVd1Xg==

debug@^3.1.0:
  version "3.2.6"
  resolved "https://registry.yarnpkg.com/debug/-/debug-3.2.6.tgz#e83d17de16d8a7efb7717edbe5fb10135eee629b"
  integrity sha512-mel+jf7nrtEl5Pn1Qx46zARXKDpBbvzezse7p7LqINmdoIk8PYP5SySaxEmYv6TZ0JyEKA1hsCId6DIhgITtWQ==
  dependencies:
    ms "^2.1.1"

denque@^1.1.0:
  version "1.4.0"
  resolved "https://registry.yarnpkg.com/denque/-/denque-1.4.0.tgz#79e2f0490195502107f24d9553f374837dabc916"
  integrity sha512-gh513ac7aiKrAgjiIBWZG0EASyDF9p4JMWwKA8YU5s9figrL5SRNEMT6FDynsegakuhWd1wVqTvqvqAoDxw7wQ==

double-ended-queue@^2.1.0-0:
  version "2.1.0-0"
  resolved "https://registry.yarnpkg.com/double-ended-queue/-/double-ended-queue-2.1.0-0.tgz#103d3527fd31528f40188130c841efdd78264e5c"
  integrity sha1-ED01J/0xUo9AGIEwyEHv3XgmTlw=

escape-string-regexp@^1.0.5:
  version "1.0.5"
  resolved "https://registry.yarnpkg.com/escape-string-regexp/-/escape-string-regexp-1.0.5.tgz#1b61c0562190a8dff6ae3bb2cf0200ca130b86d4"
  integrity sha1-G2HAViGQqN/2rjuyzwIAyhMLhtQ=

flexbuffer@0.0.6:
  version "0.0.6"
  resolved "https://registry.yarnpkg.com/flexbuffer/-/flexbuffer-0.0.6.tgz#039fdf23f8823e440c38f3277e6fef1174215b30"
  integrity sha1-A5/fI/iCPkQMOPMnfm/vEXQhWzA=

fs-extra@^7.0.1:
  version "7.0.1"
  resolved "https://registry.yarnpkg.com/fs-extra/-/fs-extra-7.0.1.tgz#4f189c44aa123b895f722804f55ea23eadc348e9"
  integrity sha512-YJDaCJZEnBmcbw13fvdAM9AwNOJwOzrE4pqMqBq5nFiEqXUqHwlK4B+3pUw6JNvfSPtX05xFHtYy/1ni01eGCw==
  dependencies:
    graceful-fs "^4.1.2"
    jsonfile "^4.0.0"
    universalify "^0.1.0"

graceful-fs@^4.1.2, graceful-fs@^4.1.6:
  version "4.1.15"
  resolved "https://registry.yarnpkg.com/graceful-fs/-/graceful-fs-4.1.15.tgz#ffb703e1066e8a0eeaa4c8b80ba9253eeefbfb00"
  integrity sha512-6uHUhOPEBgQ24HM+r6b/QwWfZq+yiFcipKFrOFiBEnWdy5sdzYoi+pJeQaPI5qOLRFqWmAXUPQNsielzdLoecA==

has-flag@^3.0.0:
  version "3.0.0"
  resolved "https://registry.yarnpkg.com/has-flag/-/has-flag-3.0.0.tgz#b5d454dc2199ae225699f3467e5a07f3b955bafd"
  integrity sha1-tdRU3CGZriJWmfNGfloH87lVuv0=

ioredis@^4.3.0:
  version "4.3.0"
  resolved "https://registry.yarnpkg.com/ioredis/-/ioredis-4.3.0.tgz#a92850dd8794eaee4f38a265c830ca823a09d345"
  integrity sha512-TwTp93UDKlKVQeg9ThuavNh4Vs31JTlqn+cI/J6z21OtfghyJm5I349ZlsKobOeEyS4INITMLQ1fhR7xwf9Fxg==
  dependencies:
    cluster-key-slot "^1.0.6"
    debug "^3.1.0"
    denque "^1.1.0"
    flexbuffer "0.0.6"
    lodash.defaults "^4.2.0"
    lodash.flatten "^4.4.0"
    redis-commands "1.4.0"
    redis-errors "^1.2.0"
    redis-parser "^3.0.0"
    standard-as-callback "^1.0.0"

json-stable-stringify@^1.0.1:
  version "1.0.1"
  resolved "https://registry.yarnpkg.com/json-stable-stringify/-/json-stable-stringify-1.0.1.tgz#9a759d39c5f2ff503fd5300646ed445f88c4f9af"
  integrity sha1-mnWdOcXy/1A/1TAGRu1EX4jE+a8=
  dependencies:
    jsonify "~0.0.0"

jsonfile@^4.0.0:
  version "4.0.0"
  resolved "https://registry.yarnpkg.com/jsonfile/-/jsonfile-4.0.0.tgz#8771aae0799b64076b76640fca058f9c10e33ecb"
  integrity sha1-h3Gq4HmbZAdrdmQPygWPnBDjPss=
  optionalDependencies:
    graceful-fs "^4.1.6"

jsonify@~0.0.0:
  version "0.0.0"
  resolved "https://registry.yarnpkg.com/jsonify/-/jsonify-0.0.0.tgz#2c74b6ee41d93ca51b7b5aaee8f503631d252a73"
  integrity sha1-LHS27kHZPKUbe1qu6PUDYx0lKnM=

lodash.defaults@^4.2.0:
  version "4.2.0"
  resolved "https://registry.yarnpkg.com/lodash.defaults/-/lodash.defaults-4.2.0.tgz#d09178716ffea4dde9e5fb7b37f6f0802274580c"
  integrity sha1-0JF4cW/+pN3p5ft7N/bwgCJ0WAw=

lodash.flatten@^4.4.0:
  version "4.4.0"
  resolved "https://registry.yarnpkg.com/lodash.flatten/-/lodash.flatten-4.4.0.tgz#f31c22225a9632d2bbf8e4addbef240aa765a61f"
  integrity sha1-8xwiIlqWMtK7+OSt2+8kCqdlph8=

lodash@^4.17.11:
  version "4.17.11"
  resolved "https://registry.yarnpkg.com/lodash/-/lodash-4.17.11.tgz#b39ea6229ef607ecd89e2c8df12536891cac9b8d"
  integrity sha512-cQKh8igo5QUhZ7lg38DYWAxMvjSAKG0A8wGSVimP07SIUEK2UO+arSRKbRZWtelMtN5V0Hkwh5ryOto/SshYIg==

ms@^2.1.1:
  version "2.1.1"
  resolved "https://registry.yarnpkg.com/ms/-/ms-2.1.1.tgz#30a5864eb3ebb0a66f2ebe6d727af06a09d86e0a"
  integrity sha512-tgp+dl5cGk28utYktBsrFqA7HKgrhgPsg6Z/EfhWI4gl1Hwq8B/GmY/0oXZ6nF8hDVesS/FpnYaD/kOWhYQvyg==

redis-cli@^1.1.0:
  version "1.1.0"
  resolved "https://registry.yarnpkg.com/redis-cli/-/redis-cli-1.1.0.tgz#c7cf4747849c14c1980d383bbfdfb850debde753"
  integrity sha512-/0XfC9UYJwgMfRpaeACltpkO9edA3lsJh0vB+a7lrvFVCCiPelcQpbLIsK9EgVe3jeG18p0YqdbJmP8nUo2n5A==
  dependencies:
    bluebird "^3.5.3"
    colors "^1.3.3"
    commander "^2.19.0"
    redis "^2.8.0"

redis-commands@1.4.0, redis-commands@^1.2.0:
  version "1.4.0"
  resolved "https://registry.yarnpkg.com/redis-commands/-/redis-commands-1.4.0.tgz#52f9cf99153efcce56a8f86af986bd04e988602f"
  integrity sha512-cu8EF+MtkwI4DLIT0x9P8qNTLFhQD4jLfxLR0cCNkeGzs87FN6879JOJwNQR/1zD7aSYNbU0hgsV9zGY71Itvw==

redis-errors@^1.0.0, redis-errors@^1.2.0:
  version "1.2.0"
  resolved "https://registry.yarnpkg.com/redis-errors/-/redis-errors-1.2.0.tgz#eb62d2adb15e4eaf4610c04afe1529384250abad"
  integrity sha1-62LSrbFeTq9GEMBK/hUpOEJQq60=

redis-json-memoize@^1.0.1:
  version "1.0.1"
  resolved "https://registry.yarnpkg.com/redis-json-memoize/-/redis-json-memoize-1.0.1.tgz#7138cb5666ff3e6c6037ba0c56c8c03e77a97d6a"
  integrity sha512-ePOMtzgHzoMdiNAJ30jM3HWUWw8XbZUtiD6x4kaYB/MHeeUXWAlvd7G+CYsRx9dzYF4LUBS6umBtgdmqdEuhyw==
  dependencies:
    json-stable-stringify "^1.0.1"
    lodash "^4.17.11"

redis-parser@^2.6.0:
  version "2.6.0"
  resolved "https://registry.yarnpkg.com/redis-parser/-/redis-parser-2.6.0.tgz#52ed09dacac108f1a631c07e9b69941e7a19504b"
  integrity sha1-Uu0J2srBCPGmMcB+m2mUHnoZUEs=

redis-parser@^3.0.0:
  version "3.0.0"
  resolved "https://registry.yarnpkg.com/redis-parser/-/redis-parser-3.0.0.tgz#b66d828cdcafe6b4b8a428a7def4c6bcac31c8b4"
  integrity sha1-tm2CjNyv5rS4pCin3vTGvKwxyLQ=
  dependencies:
    redis-errors "^1.0.0"

redis@^2.8.0:
  version "2.8.0"
  resolved "https://registry.yarnpkg.com/redis/-/redis-2.8.0.tgz#202288e3f58c49f6079d97af7a10e1303ae14b02"
  integrity sha512-M1OkonEQwtRmZv4tEWF2VgpG0JWJ8Fv1PhlgT5+B+uNq2cA3Rt1Yt/ryoR+vQNOQcIEgdCdfH0jr3bDpihAw1A==
  dependencies:
    double-ended-queue "^2.1.0-0"
    redis-commands "^1.2.0"
    redis-parser "^2.6.0"

standard-as-callback@^1.0.0:
  version "1.0.1"
  resolved "https://registry.yarnpkg.com/standard-as-callback/-/standard-as-callback-1.0.1.tgz#2e9e1e9d278d7d77580253faaec42269015e3c1d"
  integrity sha512-izxEITSyc7S+5oOiF/URiYaNkemPUxIndCNv66jJ548Y1TVxhBvioNMSPrZIQdaZDlhnguOdUzHA/7hJ3xFhuQ==

supports-color@^5.3.0:
  version "5.5.0"
  resolved "https://registry.yarnpkg.com/supports-color/-/supports-color-5.5.0.tgz#e2e69a44ac8772f78a1ec0b35b689df6530efc8f"
  integrity sha512-QjVjwdXIt408MIiAqCX4oUKsgU2EqAGzs2Ppkm4aQYbjm+ZEWEcW4SfFNTr4uMNZma0ey4f5lgLrkB0aX0QMow==
  dependencies:
    has-flag "^3.0.0"

universalify@^0.1.0:
  version "0.1.2"
  resolved "https://registry.yarnpkg.com/universalify/-/universalify-0.1.2.tgz#b646f69be3942dabcecc9d6639c80dc105efaa66"
  integrity sha512-rBJeI5CXAlmy1pV+617WB9J63U6XcazHHF2f2dbJix4XzpUF0RS3Zbj0FGIOCAva5P/d/GBOYaACQ1w+0azUkg==
